<?xml version="1.0" encoding="utf-8"?>
<Project ToolsVersion="17.0" xmlns="http://schemas.microsoft.com/developer/msbuild/2003">
  <ItemGroup>
    <ClCompile Include="$(SolutionDir)CustomMath_lib\Matrix.cpp">
      <Filter>Source Files</Filter>
    </ClCompile>
    <ClCompile Include="$(SolutionDir)CustomMath_lib\Array.cpp">
      <Filter>Source Files</Filter>
    </ClCompile>
    <ClCompile Include="$(SolutionDir)CustomMath_lib\GaussMethod.cpp">
      <Filter>Source Files</Filter>
    </ClCompile>
    <ClCompile Include="$(SolutionDir)CustomMath_lib\CholeskyMethod.cpp">
      <Filter>Source Files</Filter>
    </ClCompile>
  </ItemGroup>
  <ItemGroup>
    <ClInclude Include="$(SolutionDir)CustomMath_lib\GaussMethod.h">
      <Filter>Header Files</Filter>
    </ClInclude>
    <ClInclude Include="$(SolutionDir)CustomMath_lib\CholeskyMethod.h">
      <Filter>Header Files</Filter>
    </ClInclude>
    <ClInclude Include="$(SolutionDir)CustomMath_lib\Matrix.h">
      <Filter>Header Files</Filter>
    </ClInclude>
    <ClInclude Include="$(SolutionDir)CustomMath_lib\Array.h">
      <Filter>Header Files</Filter>
    </ClInclude>
  </ItemGroup>
  <ItemGroup>
    <CustomBuild Include="$(SolutionDir)CustomMath_lib\CMakeLists.txt" />
  </ItemGroup>
  <ItemGroup>
    <Filter Include="Header Files">
      <UniqueIdentifier>{72760948-AA7D-3706-83C5-36C581B19188}</UniqueIdentifier>
    </Filter>
    <Filter Include="Source Files">
      <UniqueIdentifier>{0A5CC018-3997-3DA8-8727-12FADF699821}</UniqueIdentifier>
    </Filter>
  </ItemGroup>
</Project>
