<?xml version="1.0" encoding="utf-8"?>
<Project ToolsVersion="17.0" xmlns="http://schemas.microsoft.com/developer/msbuild/2003">
  <ItemGroup>
    <CustomBuild Include="$(SolutionDir)CMakeFiles\df2fa30a755c2dd2a4d0af09e903af20\generate.stamp.rule">
      <Filter>CMake Rules</Filter>
    </CustomBuild>
  </ItemGroup>
  <ItemGroup>
    <Filter Include="CMake Rules">
      <UniqueIdentifier>{44F41F99-F8E9-3AFC-966F-5066D101783B}</UniqueIdentifier>
    </Filter>
  </ItemGroup>
</Project>
